
Microsoft Visual Studio Solution File, Format Version 12.00
# Visual Studio Version 17
VisualStudioVersion = 17.4.33122.133
MinimumVisualStudioVersion = 10.0.40219.1
Project("{9A19103F-16F7-4668-BE54-9A1E7A4F7556}") = "IfCastle.Interface", "IfCastle.Interface\IfCastle.Interface.csproj", "{1B1D1ADE-15CF-4D9D-B152-3C79111F069F}"
EndProject
Project("{9A19103F-16F7-4668-BE54-9A1E7A4F7556}") = "IfCastle.Grain", "IfCastle.Grain\IfCastle.Grain.csproj", "{A55EEF5E-AB8F-444B-8419-11F83E287FFF}"
EndProject
Project("{9A19103F-16F7-4668-BE54-9A1E7A4F7556}") = "IfCastle.Server", "IfCastle.Server\IfCastle.Server.csproj", "{47735D18-A49C-4F10-8DEE-D1B53029C1F5}"
EndProject
Project("{9A19103F-16F7-4668-BE54-9A1E7A4F7556}") = "IfCastle.Client", "IfCastle.Client\IfCastle.Client.csproj", "{CD94E6ED-5A50-4B9E-8293-E402737C910A}"
EndProject
Project("{9A19103F-16F7-4668-BE54-9A1E7A4F7556}") = "NbBlock", "Tetris\NbBlock.csproj", "{E2443FB2-8719-4878-95AF-85B49E9CEF17}"
EndProject
Project("{9A19103F-16F7-4668-BE54-9A1E7A4F7556}") = "Roy.Utils", "Roy.Utils\Roy.Utils.csproj", "{B37500C6-A097-498A-8560-E60DAD805AE2}"
EndProject
Project("{9A19103F-16F7-4668-BE54-9A1E7A4F7556}") = "IfCastle.Gateway", "IfCastle.Gateway\IfCastle.Gateway.csproj", "{5A018EB4-42BE-4019-84C2-968677FE7B0B}"
EndProject
Project("{2150E333-8FDC-42A3-9474-1A3956D46DE8}") = "解决方案项", "解决方案项", "{579F15A2-A951-4BE5-9B24-E8799972D7FF}"
	ProjectSection(SolutionItems) = preProject
		..\README.md = ..\README.md
	EndProjectSection
EndProject
Global
	GlobalSection(SolutionConfigurationPlatforms) = preSolution
		Debug|Any CPU = Debug|Any CPU
		Release|Any CPU = Release|Any CPU
	EndGlobalSection
	GlobalSection(ProjectConfigurationPlatforms) = postSolution
		{1B1D1ADE-15CF-4D9D-B152-3C79111F069F}.Debug|Any CPU.ActiveCfg = Debug|Any CPU
		{1B1D1ADE-15CF-4D9D-B152-3C79111F069F}.Debug|Any CPU.Build.0 = Debug|Any CPU
		{1B1D1ADE-15CF-4D9D-B152-3C79111F069F}.Release|Any CPU.ActiveCfg = Release|Any CPU
		{1B1D1ADE-15CF-4D9D-B152-3C79111F069F}.Release|Any CPU.Build.0 = Release|Any CPU
		{A55EEF5E-AB8F-444B-8419-11F83E287FFF}.Debug|Any CPU.ActiveCfg = Debug|Any CPU
		{A55EEF5E-AB8F-444B-8419-11F83E287FFF}.Debug|Any CPU.Build.0 = Debug|Any CPU
		{A55EEF5E-AB8F-444B-8419-11F83E287FFF}.Release|Any CPU.ActiveCfg = Release|Any CPU
		{A55EEF5E-AB8F-444B-8419-11F83E287FFF}.Release|Any CPU.Build.0 = Release|Any CPU
		{47735D18-A49C-4F10-8DEE-D1B53029C1F5}.Debug|Any CPU.ActiveCfg = Debug|Any CPU
		{47735D18-A49C-4F10-8DEE-D1B53029C1F5}.Debug|Any CPU.Build.0 = Debug|Any CPU
		{47735D18-A49C-4F10-8DEE-D1B53029C1F5}.Release|Any CPU.ActiveCfg = Release|Any CPU
		{47735D18-A49C-4F10-8DEE-D1B53029C1F5}.Release|Any CPU.Build.0 = Release|Any CPU
		{CD94E6ED-5A50-4B9E-8293-E402737C910A}.Debug|Any CPU.ActiveCfg = Debug|Any CPU
		{CD94E6ED-5A50-4B9E-8293-E402737C910A}.Debug|Any CPU.Build.0 = Debug|Any CPU
		{CD94E6ED-5A50-4B9E-8293-E402737C910A}.Release|Any CPU.ActiveCfg = Release|Any CPU
		{CD94E6ED-5A50-4B9E-8293-E402737C910A}.Release|Any CPU.Build.0 = Release|Any CPU
		{E2443FB2-8719-4878-95AF-85B49E9CEF17}.Debug|Any CPU.ActiveCfg = Debug|Any CPU
		{E2443FB2-8719-4878-95AF-85B49E9CEF17}.Debug|Any CPU.Build.0 = Debug|Any CPU
		{E2443FB2-8719-4878-95AF-85B49E9CEF17}.Release|Any CPU.ActiveCfg = Release|Any CPU
		{E2443FB2-8719-4878-95AF-85B49E9CEF17}.Release|Any CPU.Build.0 = Release|Any CPU
		{B37500C6-A097-498A-8560-E60DAD805AE2}.Debug|Any CPU.ActiveCfg = Debug|Any CPU
		{B37500C6-A097-498A-8560-E60DAD805AE2}.Debug|Any CPU.Build.0 = Debug|Any CPU
		{B37500C6-A097-498A-8560-E60DAD805AE2}.Release|Any CPU.ActiveCfg = Release|Any CPU
		{B37500C6-A097-498A-8560-E60DAD805AE2}.Release|Any CPU.Build.0 = Release|Any CPU
		{5A018EB4-42BE-4019-84C2-968677FE7B0B}.Debug|Any CPU.ActiveCfg = Debug|Any CPU
		{5A018EB4-42BE-4019-84C2-968677FE7B0B}.Debug|Any CPU.Build.0 = Debug|Any CPU
		{5A018EB4-42BE-4019-84C2-968677FE7B0B}.Release|Any CPU.ActiveCfg = Release|Any CPU
		{5A018EB4-42BE-4019-84C2-968677FE7B0B}.Release|Any CPU.Build.0 = Release|Any CPU
	EndGlobalSection
	GlobalSection(SolutionProperties) = preSolution
		HideSolutionNode = FALSE
	EndGlobalSection
	GlobalSection(ExtensibilityGlobals) = postSolution
		SolutionGuid = {F01056F8-4AD1-4A2B-BB0A-1D97E001D6D9}
	EndGlobalSection
EndGlobal
